
Microsoft Visual Studio Solution File, Format Version 10.00
# Visual Studio 2008
Project("{FAE04EC0-301F-11D3-BF4B-00C04F79EFBC}") = "AnjLab.FX.v3.5.Web", "AnjLab.FX.Web\AnjLab.FX.v3.5.Web.csproj", "{6E082F4B-3507-49CE-9E28-635B12EE4AB5}"
EndProject
Project("{FAE04EC0-301F-11D3-BF4B-00C04F79EFBC}") = "AnjLab.FX.v3.5", "AnjLab.FX\AnjLab.FX.v3.5.csproj", "{91B5FE4B-C935-47C1-863E-33FD76D5D0C7}"
EndProject
Project("{FAE04EC0-301F-11D3-BF4B-00C04F79EFBC}") = "AnjLab.FX.v3.5.Tests", "AnjLab.FX.Tests\AnjLab.FX.v3.5.Tests.csproj", "{05E36FA2-0361-4D18-BA64-6718B8883ACB}"
EndProject
Project("{FAE04EC0-301F-11D3-BF4B-00C04F79EFBC}") = "AnjLab.FX.3.5.MSBuild.Tasks", "AnjLab.FX.MSBuild.Tasks\AnjLab.FX.3.5.MSBuild.Tasks.csproj", "{5FC52267-CEB9-4E07-984E-B47DAF2DF0F3}"
EndProject
Project("{FAE04EC0-301F-11D3-BF4B-00C04F79EFBC}") = "AnjLab.FX.DirectoryServices", "AnjLab.FX.DirectoryServices\AnjLab.FX.DirectoryServices.csproj", "{76B00C49-2719-484A-B6DF-6B6334D77232}"
EndProject
Project("{FAE04EC0-301F-11D3-BF4B-00C04F79EFBC}") = "AnjLab.FX.Wpf", "AnjLab.FX.Wpf\AnjLab.FX.Wpf.csproj", "{52E4A8B3-517D-43F1-9ECC-256C3CF44CF3}"
EndProject
Project("{4F174C21-8C12-11D0-8340-0000F80270F8}") = "AnjLab.FX.SQLServer", "AnjLab.FX.SQLServer\AnjLab.FX.SQLServer.dbp", "{3ABC978C-1C77-4DD4-9794-B5D471912C85}"
EndProject
Project("{FAE04EC0-301F-11D3-BF4B-00C04F79EFBC}") = "AnjLab.FX.Log4Net", "AnjLab.FX.Log4Net\AnjLab.FX.Log4Net.csproj", "{6E70B1C3-A27E-4543-80BD-A4CC2124D07B}"
EndProject
Global
	GlobalSection(SolutionConfigurationPlatforms) = preSolution
		Debug|Any CPU = Debug|Any CPU
		Debug|x86 = Debug|x86
		Release|Any CPU = Release|Any CPU
		Release|x86 = Release|x86
	EndGlobalSection
	GlobalSection(ProjectConfigurationPlatforms) = postSolution
		{6E082F4B-3507-49CE-9E28-635B12EE4AB5}.Debug|Any CPU.ActiveCfg = Debug|Any CPU
		{6E082F4B-3507-49CE-9E28-635B12EE4AB5}.Debug|Any CPU.Build.0 = Debug|Any CPU
		{6E082F4B-3507-49CE-9E28-635B12EE4AB5}.Debug|x86.ActiveCfg = Debug|x86
		{6E082F4B-3507-49CE-9E28-635B12EE4AB5}.Debug|x86.Build.0 = Debug|x86
		{6E082F4B-3507-49CE-9E28-635B12EE4AB5}.Release|Any CPU.ActiveCfg = Release|Any CPU
		{6E082F4B-3507-49CE-9E28-635B12EE4AB5}.Release|Any CPU.Build.0 = Release|Any CPU
		{6E082F4B-3507-49CE-9E28-635B12EE4AB5}.Release|x86.ActiveCfg = Release|x86
		{6E082F4B-3507-49CE-9E28-635B12EE4AB5}.Release|x86.Build.0 = Release|x86
		{91B5FE4B-C935-47C1-863E-33FD76D5D0C7}.Debug|Any CPU.ActiveCfg = Debug|Any CPU
		{91B5FE4B-C935-47C1-863E-33FD76D5D0C7}.Debug|Any CPU.Build.0 = Debug|Any CPU
		{91B5FE4B-C935-47C1-863E-33FD76D5D0C7}.Debug|x86.ActiveCfg = Debug|x86
		{91B5FE4B-C935-47C1-863E-33FD76D5D0C7}.Debug|x86.Build.0 = Debug|x86
		{91B5FE4B-C935-47C1-863E-33FD76D5D0C7}.Release|Any CPU.ActiveCfg = Release|Any CPU
		{91B5FE4B-C935-47C1-863E-33FD76D5D0C7}.Release|Any CPU.Build.0 = Release|Any CPU
		{91B5FE4B-C935-47C1-863E-33FD76D5D0C7}.Release|x86.ActiveCfg = Release|x86
		{91B5FE4B-C935-47C1-863E-33FD76D5D0C7}.Release|x86.Build.0 = Release|x86
		{05E36FA2-0361-4D18-BA64-6718B8883ACB}.Debug|Any CPU.ActiveCfg = Debug|Any CPU
		{05E36FA2-0361-4D18-BA64-6718B8883ACB}.Debug|Any CPU.Build.0 = Debug|Any CPU
		{05E36FA2-0361-4D18-BA64-6718B8883ACB}.Debug|x86.ActiveCfg = Debug|x86
		{05E36FA2-0361-4D18-BA64-6718B8883ACB}.Debug|x86.Build.0 = Debug|x86
		{05E36FA2-0361-4D18-BA64-6718B8883ACB}.Release|Any CPU.ActiveCfg = Release|Any CPU
		{05E36FA2-0361-4D18-BA64-6718B8883ACB}.Release|Any CPU.Build.0 = Release|Any CPU
		{05E36FA2-0361-4D18-BA64-6718B8883ACB}.Release|x86.ActiveCfg = Release|x86
		{05E36FA2-0361-4D18-BA64-6718B8883ACB}.Release|x86.Build.0 = Release|x86
		{5FC52267-CEB9-4E07-984E-B47DAF2DF0F3}.Debug|Any CPU.ActiveCfg = Debug|Any CPU
		{5FC52267-CEB9-4E07-984E-B47DAF2DF0F3}.Debug|Any CPU.Build.0 = Debug|Any CPU
		{5FC52267-CEB9-4E07-984E-B47DAF2DF0F3}.Debug|x86.ActiveCfg = Debug|x86
		{5FC52267-CEB9-4E07-984E-B47DAF2DF0F3}.Debug|x86.Build.0 = Debug|x86
		{5FC52267-CEB9-4E07-984E-B47DAF2DF0F3}.Release|Any CPU.ActiveCfg = Release|Any CPU
		{5FC52267-CEB9-4E07-984E-B47DAF2DF0F3}.Release|Any CPU.Build.0 = Release|Any CPU
		{5FC52267-CEB9-4E07-984E-B47DAF2DF0F3}.Release|x86.ActiveCfg = Release|x86
		{5FC52267-CEB9-4E07-984E-B47DAF2DF0F3}.Release|x86.Build.0 = Release|x86
		{76B00C49-2719-484A-B6DF-6B6334D77232}.Debug|Any CPU.ActiveCfg = Debug|Any CPU
		{76B00C49-2719-484A-B6DF-6B6334D77232}.Debug|Any CPU.Build.0 = Debug|Any CPU
		{76B00C49-2719-484A-B6DF-6B6334D77232}.Debug|x86.ActiveCfg = Debug|x86
		{76B00C49-2719-484A-B6DF-6B6334D77232}.Debug|x86.Build.0 = Debug|x86
		{76B00C49-2719-484A-B6DF-6B6334D77232}.Release|Any CPU.ActiveCfg = Release|Any CPU
		{76B00C49-2719-484A-B6DF-6B6334D77232}.Release|Any CPU.Build.0 = Release|Any CPU
		{76B00C49-2719-484A-B6DF-6B6334D77232}.Release|x86.ActiveCfg = Release|x86
		{76B00C49-2719-484A-B6DF-6B6334D77232}.Release|x86.Build.0 = Release|x86
		{52E4A8B3-517D-43F1-9ECC-256C3CF44CF3}.Debug|Any CPU.ActiveCfg = Debug|Any CPU
		{52E4A8B3-517D-43F1-9ECC-256C3CF44CF3}.Debug|Any CPU.Build.0 = Debug|Any CPU
		{52E4A8B3-517D-43F1-9ECC-256C3CF44CF3}.Debug|x86.ActiveCfg = Debug|x86
		{52E4A8B3-517D-43F1-9ECC-256C3CF44CF3}.Debug|x86.Build.0 = Debug|x86
		{52E4A8B3-517D-43F1-9ECC-256C3CF44CF3}.Release|Any CPU.ActiveCfg = Release|Any CPU
		{52E4A8B3-517D-43F1-9ECC-256C3CF44CF3}.Release|Any CPU.Build.0 = Release|Any CPU
		{52E4A8B3-517D-43F1-9ECC-256C3CF44CF3}.Release|x86.ActiveCfg = Release|x86
		{52E4A8B3-517D-43F1-9ECC-256C3CF44CF3}.Release|x86.Build.0 = Release|x86
		{6E70B1C3-A27E-4543-80BD-A4CC2124D07B}.Debug|Any CPU.ActiveCfg = Debug|Any CPU
		{6E70B1C3-A27E-4543-80BD-A4CC2124D07B}.Debug|Any CPU.Build.0 = Debug|Any CPU
		{6E70B1C3-A27E-4543-80BD-A4CC2124D07B}.Debug|x86.ActiveCfg = Debug|x86
		{6E70B1C3-A27E-4543-80BD-A4CC2124D07B}.Debug|x86.Build.0 = Debug|x86
		{6E70B1C3-A27E-4543-80BD-A4CC2124D07B}.Release|Any CPU.ActiveCfg = Release|Any CPU
		{6E70B1C3-A27E-4543-80BD-A4CC2124D07B}.Release|Any CPU.Build.0 = Release|Any CPU
		{6E70B1C3-A27E-4543-80BD-A4CC2124D07B}.Release|x86.ActiveCfg = Release|x86
		{6E70B1C3-A27E-4543-80BD-A4CC2124D07B}.Release|x86.Build.0 = Release|x86
	EndGlobalSection
	GlobalSection(SolutionProperties) = preSolution
		HideSolutionNode = FALSE
	EndGlobalSection
	GlobalSection(TextTemplating) = postSolution
		TextTemplating = 1
	EndGlobalSection
EndGlobal
